// !$*UTF8*$!
{
	archiveVersion = 1;
	classes = {
	};
	objectVersion = 55;
	objects = {

/* Begin PBXBuildFile section */
		574434182771DAC500069827 /* iTunesRSSGenApp.swift in Sources */ = {isa = PBXBuildFile; fileRef = 574434172771DAC500069827 /* iTunesRSSGenApp.swift */; };
		5744341C2771DAC500069827 /* Assets.xcassets in Resources */ = {isa = PBXBuildFile; fileRef = 5744341B2771DAC500069827 /* Assets.xcassets */; };
		5744341F2771DAC500069827 /* Preview Assets.xcassets in Resources */ = {isa = PBXBuildFile; fileRef = 5744341E2771DAC500069827 /* Preview Assets.xcassets */; };
		574434272771DB2D00069827 /* ApiEndpoint.swift in Sources */ = {isa = PBXBuildFile; fileRef = 574434262771DB2D00069827 /* ApiEndpoint.swift */; };
		5744342A2771DB8D00069827 /* Album.swift in Sources */ = {isa = PBXBuildFile; fileRef = 574434292771DB8D00069827 /* Album.swift */; };
		5744342E2771E0CE00069827 /* MainScreen.swift in Sources */ = {isa = PBXBuildFile; fileRef = 5744342D2771E0CE00069827 /* MainScreen.swift */; };
		574434302771E17A00069827 /* AlbumsViewModel.swift in Sources */ = {isa = PBXBuildFile; fileRef = 5744342F2771E17A00069827 /* AlbumsViewModel.swift */; };
		574434332771E5DD00069827 /* NetworkService.swift in Sources */ = {isa = PBXBuildFile; fileRef = 574434322771E5DD00069827 /* NetworkService.swift */; };
		574434352771F70400069827 /* ListRowView.swift in Sources */ = {isa = PBXBuildFile; fileRef = 574434342771F70400069827 /* ListRowView.swift */; };
		574434372771FC8D00069827 /* ErrorView.swift in Sources */ = {isa = PBXBuildFile; fileRef = 574434362771FC8D00069827 /* ErrorView.swift */; };
		574434392771FF5A00069827 /* LoadingView.swift in Sources */ = {isa = PBXBuildFile; fileRef = 574434382771FF5A00069827 /* LoadingView.swift */; };
		5744343B2772121E00069827 /* DetailsView.swift in Sources */ = {isa = PBXBuildFile; fileRef = 5744343A2772121E00069827 /* DetailsView.swift */; };
/* End PBXBuildFile section */

/* Begin PBXFileReference section */
		574434142771DAC500069827 /* iTunesRSSGen.app */ = {isa = PBXFileReference; explicitFileType = wrapper.application; includeInIndex = 0; path = iTunesRSSGen.app; sourceTree = BUILT_PRODUCTS_DIR; };
		574434172771DAC500069827 /* iTunesRSSGenApp.swift */ = {isa = PBXFileReference; lastKnownFileType = sourcecode.swift; path = iTunesRSSGenApp.swift; sourceTree = "<group>"; };
		5744341B2771DAC500069827 /* Assets.xcassets */ = {isa = PBXFileReference; lastKnownFileType = folder.assetcatalog; path = Assets.xcassets; sourceTree = "<group>"; };
		5744341E2771DAC500069827 /* Preview Assets.xcassets */ = {isa = PBXFileReference; lastKnownFileType = folder.assetcatalog; path = "Preview Assets.xcassets"; sourceTree = "<group>"; };
		574434262771DB2D00069827 /* ApiEndpoint.swift */ = {isa = PBXFileReference; lastKnownFileType = sourcecode.swift; path = ApiEndpoint.swift; sourceTree = "<group>"; };
		574434292771DB8D00069827 /* Album.swift */ = {isa = PBXFileReference; lastKnownFileType = sourcecode.swift; path = Album.swift; sourceTree = "<group>"; };
		5744342D2771E0CE00069827 /* MainScreen.swift */ = {isa = PBXFileReference; lastKnownFileType = sourcecode.swift; path = MainScreen.swift; sourceTree = "<group>"; };
		5744342F2771E17A00069827 /* AlbumsViewModel.swift */ = {isa = PBXFileReference; lastKnownFileType = sourcecode.swift; path = AlbumsViewModel.swift; sourceTree = "<group>"; };
		574434322771E5DD00069827 /* NetworkService.swift */ = {isa = PBXFileReference; lastKnownFileType = sourcecode.swift; path = NetworkService.swift; sourceTree = "<group>"; };
		574434342771F70400069827 /* ListRowView.swift */ = {isa = PBXFileReference; lastKnownFileType = sourcecode.swift; path = ListRowView.swift; sourceTree = "<group>"; };
		574434362771FC8D00069827 /* ErrorView.swift */ = {isa = PBXFileReference; lastKnownFileType = sourcecode.swift; path = ErrorView.swift; sourceTree = "<group>"; };
		574434382771FF5A00069827 /* LoadingView.swift */ = {isa = PBXFileReference; lastKnownFileType = sourcecode.swift; path = LoadingView.swift; sourceTree = "<group>"; };
		5744343A2772121E00069827 /* DetailsView.swift */ = {isa = PBXFileReference; lastKnownFileType = sourcecode.swift; path = DetailsView.swift; sourceTree = "<group>"; };
/* End PBXFileReference section */

/* Begin PBXFrameworksBuildPhase section */
		574434112771DAC400069827 /* Frameworks */ = {
			isa = PBXFrameworksBuildPhase;
			buildActionMask = 2147483647;
			files = (
			);
			runOnlyForDeploymentPostprocessing = 0;
		};
/* End PBXFrameworksBuildPhase section */

/* Begin PBXGroup section */
		5744340B2771DAC400069827 = {
			isa = PBXGroup;
			children = (
				574434162771DAC500069827 /* iTunesRSSGen */,
				574434152771DAC500069827 /* Products */,
			);
			sourceTree = "<group>";
		};
		574434152771DAC500069827 /* Products */ = {
			isa = PBXGroup;
			children = (
				574434142771DAC500069827 /* iTunesRSSGen.app */,
			);
			name = Products;
			sourceTree = "<group>";
		};
		574434162771DAC500069827 /* iTunesRSSGen */ = {
			isa = PBXGroup;
			children = (
				574434312771E5C900069827 /* NetworkService */,
				5744342C2771E0AD00069827 /* ViewModel */,
				5744342B2771E0A500069827 /* View */,
				574434282771DB7D00069827 /* Model */,
				574434252771DB1C00069827 /* Constants */,
				574434172771DAC500069827 /* iTunesRSSGenApp.swift */,
				5744341B2771DAC500069827 /* Assets.xcassets */,
				5744341D2771DAC500069827 /* Preview Content */,
			);
			path = iTunesRSSGen;
			sourceTree = "<group>";
		};
		5744341D2771DAC500069827 /* Preview Content */ = {
			isa = PBXGroup;
			children = (
				5744341E2771DAC500069827 /* Preview Assets.xcassets */,
			);
			path = "Preview Content";
			sourceTree = "<group>";
		};
		574434252771DB1C00069827 /* Constants */ = {
			isa = PBXGroup;
			children = (
				574434262771DB2D00069827 /* ApiEndpoint.swift */,
			);
			path = Constants;
			sourceTree = "<group>";
		};
		574434282771DB7D00069827 /* Model */ = {
			isa = PBXGroup;
			children = (
				574434292771DB8D00069827 /* Album.swift */,
			);
			path = Model;
			sourceTree = "<group>";
		};
		5744342B2771E0A500069827 /* View */ = {
			isa = PBXGroup;
			children = (
				5744342D2771E0CE00069827 /* MainScreen.swift */,
				574434342771F70400069827 /* ListRowView.swift */,
				574434362771FC8D00069827 /* ErrorView.swift */,
				574434382771FF5A00069827 /* LoadingView.swift */,
				5744343A2772121E00069827 /* DetailsView.swift */,
			);
			path = View;
			sourceTree = "<group>";
		};
		5744342C2771E0AD00069827 /* ViewModel */ = {
			isa = PBXGroup;
			children = (
				5744342F2771E17A00069827 /* AlbumsViewModel.swift */,
			);
			path = ViewModel;
			sourceTree = "<group>";
		};
		574434312771E5C900069827 /* NetworkService */ = {
			isa = PBXGroup;
			children = (
				574434322771E5DD00069827 /* NetworkService.swift */,
			);
			path = NetworkService;
			sourceTree = "<group>";
		};
/* End PBXGroup section */

/* Begin PBXNativeTarget section */
		574434132771DAC400069827 /* iTunesRSSGen */ = {
			isa = PBXNativeTarget;
			buildConfigurationList = 574434222771DAC500069827 /* Build configuration list for PBXNativeTarget "iTunesRSSGen" */;
			buildPhases = (
				574434102771DAC400069827 /* Sources */,
				574434112771DAC400069827 /* Frameworks */,
				574434122771DAC400069827 /* Resources */,
			);
			buildRules = (
			);
			dependencies = (
			);
			name = iTunesRSSGen;
			productName = iTunesRSSGen;
			productReference = 574434142771DAC500069827 /* iTunesRSSGen.app */;
			productType = "com.apple.product-type.application";
		};
/* End PBXNativeTarget section */

/* Begin PBXProject section */
		5744340C2771DAC400069827 /* Project object */ = {
			isa = PBXProject;
			attributes = {
				BuildIndependentTargetsInParallel = 1;
				LastSwiftUpdateCheck = 1320;
				LastUpgradeCheck = 1320;
				TargetAttributes = {
					574434132771DAC400069827 = {
						CreatedOnToolsVersion = 13.2.1;
					};
				};
			};
			buildConfigurationList = 5744340F2771DAC400069827 /* Build configuration list for PBXProject "iTunesRSSGen" */;
			compatibilityVersion = "Xcode 13.0";
			developmentRegion = en;
			hasScannedForEncodings = 0;
			knownRegions = (
				en,
				Base,
			);
			mainGroup = 5744340B2771DAC400069827;
			productRefGroup = 574434152771DAC500069827 /* Products */;
			projectDirPath = "";
			projectRoot = "";
			targets = (
				574434132771DAC400069827 /* iTunesRSSGen */,
			);
		};
/* End PBXProject section */

/* Begin PBXResourcesBuildPhase section */
		574434122771DAC400069827 /* Resources */ = {
			isa = PBXResourcesBuildPhase;
			buildActionMask = 2147483647;
			files = (
				5744341F2771DAC500069827 /* Preview Assets.xcassets in Resources */,
				5744341C2771DAC500069827 /* Assets.xcassets in Resources */,
			);
			runOnlyForDeploymentPostprocessing = 0;
		};
/* End PBXResourcesBuildPhase section */

/* Begin PBXSourcesBuildPhase section */
		574434102771DAC400069827 /* Sources */ = {
			isa = PBXSourcesBuildPhase;
			buildActionMask = 2147483647;
			files = (
				574434182771DAC500069827 /* iTunesRSSGenApp.swift in Sources */,
				5744343B2772121E00069827 /* DetailsView.swift in Sources */,
				574434352771F70400069827 /* ListRowView.swift in Sources */,
				5744342E2771E0CE00069827 /* MainScreen.swift in Sources */,
				574434272771DB2D00069827 /* ApiEndpoint.swift in Sources */,
				5744342A2771DB8D00069827 /* Album.swift in Sources */,
				574434332771E5DD00069827 /* NetworkService.swift in Sources */,
				574434302771E17A00069827 /* AlbumsViewModel.swift in Sources */,
				574434372771FC8D00069827 /* ErrorView.swift in Sources */,
				574434392771FF5A00069827 /* LoadingView.swift in Sources */,
			);
			runOnlyForDeploymentPostprocessing = 0;
		};
/* End PBXSourcesBuildPhase section */

/* Begin XCBuildConfiguration section */
		574434202771DAC500069827 /* Debug */ = {
			isa = XCBuildConfiguration;
			buildSettings = {
				ALWAYS_SEARCH_USER_PATHS = NO;
				CLANG_ANALYZER_NONNULL = YES;
				CLANG_ANALYZER_NUMBER_OBJECT_CONVERSION = YES_AGGRESSIVE;
				CLANG_CXX_LANGUAGE_STANDARD = "gnu++17";
				CLANG_CXX_LIBRARY = "libc++";
				CLANG_ENABLE_MODULES = YES;
				CLANG_ENABLE_OBJC_ARC = YES;
				CLANG_ENABLE_OBJC_WEAK = YES;
				CLANG_WARN_BLOCK_CAPTURE_AUTORELEASING = YES;
				CLANG_WARN_BOOL_CONVERSION = YES;
				CLANG_WARN_COMMA = YES;
				CLANG_WARN_CONSTANT_CONVERSION = YES;
				CLANG_WARN_DEPRECATED_OBJC_IMPLEMENTATIONS = YES;
				CLANG_WARN_DIRECT_OBJC_ISA_USAGE = YES_ERROR;
				CLANG_WARN_DOCUMENTATION_COMMENTS = YES;
				CLANG_WARN_EMPTY_BODY = YES;
				CLANG_WARN_ENUM_CONVERSION = YES;
				CLANG_WARN_INFINITE_RECURSION = YES;
				CLANG_WARN_INT_CONVERSION = YES;
				CLANG_WARN_NON_LITERAL_NULL_CONVERSION = YES;
				CLANG_WARN_OBJC_IMPLICIT_RETAIN_SELF = YES;
				CLANG_WARN_OBJC_LITERAL_CONVERSION = YES;
				CLANG_WARN_OBJC_ROOT_CLASS = YES_ERROR;
				CLANG_WARN_QUOTED_INCLUDE_IN_FRAMEWORK_HEADER = YES;
				CLANG_WARN_RANGE_LOOP_ANALYSIS = YES;
				CLANG_WARN_STRICT_PROTOTYPES = YES;
				CLANG_WARN_SUSPICIOUS_MOVE = YES;
				CLANG_WARN_UNGUARDED_AVAILABILITY = YES_AGGRESSIVE;
				CLANG_WARN_UNREACHABLE_CODE = YES;
				CLANG_WARN__DUPLICATE_METHOD_MATCH = YES;
				COPY_PHASE_STRIP = NO;
				DEBUG_INFORMATION_FORMAT = dwarf;
				ENABLE_STRICT_OBJC_MSGSEND = YES;
				ENABLE_TESTABILITY = YES;
				GCC_C_LANGUAGE_STANDARD = gnu11;
				GCC_DYNAMIC_NO_PIC = NO;
				GCC_NO_COMMON_BLOCKS = YES;
				GCC_OPTIMIZATION_LEVEL = 0;
				GCC_PREPROCESSOR_DEFINITIONS = (
					"DEBUG=1",
					"$(inherited)",
				);
				GCC_WARN_64_TO_32_BIT_CONVERSION = YES;
				GCC_WARN_ABOUT_RETURN_TYPE = YES_ERROR;
				GCC_WARN_UNDECLARED_SELECTOR = YES;
				GCC_WARN_UNINITIALIZED_AUTOS = YES_AGGRESSIVE;
				GCC_WARN_UNUSED_FUNCTION = YES;
				GCC_WARN_UNUSED_VARIABLE = YES;
				IPHONEOS_DEPLOYMENT_TARGET = 15.2;
				MTL_ENABLE_DEBUG_INFO = INCLUDE_SOURCE;
				MTL_FAST_MATH = YES;
				ONLY_ACTIVE_ARCH = YES;
				SDKROOT = iphoneos;
				SWIFT_ACTIVE_COMPILATION_CONDITIONS = DEBUG;
				SWIFT_OPTIMIZATION_LEVEL = "-Onone";
			};
			name = Debug;
		};
		574434212771DAC500069827 /* Release */ = {
			isa = XCBuildConfiguration;
			buildSettings = {
				ALWAYS_SEARCH_USER_PATHS = NO;
				CLANG_ANALYZER_NONNULL = YES;
				CLANG_ANALYZER_NUMBER_OBJECT_CONVERSION = YES_AGGRESSIVE;
				CLANG_CXX_LANGUAGE_STANDARD = "gnu++17";
				CLANG_CXX_LIBRARY = "libc++";
				CLANG_ENABLE_MODULES = YES;
				CLANG_ENABLE_OBJC_ARC = YES;
				CLANG_ENABLE_OBJC_WEAK = YES;
				CLANG_WARN_BLOCK_CAPTURE_AUTORELEASING = YES;
				CLANG_WARN_BOOL_CONVERSION = YES;
				CLANG_WARN_COMMA = YES;
				CLANG_WARN_CONSTANT_CONVERSION = YES;
				CLANG_WARN_DEPRECATED_OBJC_IMPLEMENTATIONS = YES;
				CLANG_WARN_DIRECT_OBJC_ISA_USAGE = YES_ERROR;
				CLANG_WARN_DOCUMENTATION_COMMENTS = YES;
				CLANG_WARN_EMPTY_BODY = YES;
				CLANG_WARN_ENUM_CONVERSION = YES;
				CLANG_WARN_INFINITE_RECURSION = YES;
				CLANG_WARN_INT_CONVERSION = YES;
				CLANG_WARN_NON_LITERAL_NULL_CONVERSION = YES;
				CLANG_WARN_OBJC_IMPLICIT_RETAIN_SELF = YES;
				CLANG_WARN_OBJC_LITERAL_CONVERSION = YES;
				CLANG_WARN_OBJC_ROOT_CLASS = YES_ERROR;
				CLANG_WARN_QUOTED_INCLUDE_IN_FRAMEWORK_HEADER = YES;
				CLANG_WARN_RANGE_LOOP_ANALYSIS = YES;
				CLANG_WARN_STRICT_PROTOTYPES = YES;
				CLANG_WARN_SUSPICIOUS_MOVE = YES;
				CLANG_WARN_UNGUARDED_AVAILABILITY = YES_AGGRESSIVE;
				CLANG_WARN_UNREACHABLE_CODE = YES;
				CLANG_WARN__DUPLICATE_METHOD_MATCH = YES;
				COPY_PHASE_STRIP = NO;
				DEBUG_INFORMATION_FORMAT = "dwarf-with-dsym";
				ENABLE_NS_ASSERTIONS = NO;
				ENABLE_STRICT_OBJC_MSGSEND = YES;
				GCC_C_LANGUAGE_STANDARD = gnu11;
				GCC_NO_COMMON_BLOCKS = YES;
				GCC_WARN_64_TO_32_BIT_CONVERSION = YES;
				GCC_WARN_ABOUT_RETURN_TYPE = YES_ERROR;
				GCC_WARN_UNDECLARED_SELECTOR = YES;
				GCC_WARN_UNINITIALIZED_AUTOS = YES_AGGRESSIVE;
				GCC_WARN_UNUSED_FUNCTION = YES;
				GCC_WARN_UNUSED_VARIABLE = YES;
				IPHONEOS_DEPLOYMENT_TARGET = 15.2;
				MTL_ENABLE_DEBUG_INFO = NO;
				MTL_FAST_MATH = YES;
				SDKROOT = iphoneos;
				SWIFT_COMPILATION_MODE = wholemodule;
				SWIFT_OPTIMIZATION_LEVEL = "-O";
				VALIDATE_PRODUCT = YES;
			};
			name = Release;
		};
		574434232771DAC500069827 /* Debug */ = {
			isa = XCBuildConfiguration;
			buildSettings = {
				ASSETCATALOG_COMPILER_APPICON_NAME = AppIcon;
				ASSETCATALOG_COMPILER_GLOBAL_ACCENT_COLOR_NAME = AccentColor;
				CODE_SIGN_STYLE = Automatic;
				CURRENT_PROJECT_VERSION = 1;
				DEVELOPMENT_ASSET_PATHS = "\"iTunesRSSGen/Preview Content\"";
				DEVELOPMENT_TEAM = 358WHQF94W;
				ENABLE_PREVIEWS = YES;
				GENERATE_INFOPLIST_FILE = YES;
				INFOPLIST_KEY_UIApplicationSceneManifest_Generation = YES;
				INFOPLIST_KEY_UIApplicationSupportsIndirectInputEvents = YES;
				INFOPLIST_KEY_UILaunchScreen_Generation = YES;
				INFOPLIST_KEY_UISupportedInterfaceOrientations_iPad = "UIInterfaceOrientationPortrait UIInterfaceOrientationPortraitUpsideDown UIInterfaceOrientationLandscapeLeft UIInterfaceOrientationLandscapeRight";
				INFOPLIST_KEY_UISupportedInterfaceOrientations_iPhone = "UIInterfaceOrientationPortrait UIInterfaceOrientationLandscapeLeft UIInterfaceOrientationLandscapeRight";
				LD_RUNPATH_SEARCH_PATHS = (
					"$(inherited)",
					"@executable_path/Frameworks",
				);
				MARKETING_VERSION = 1.0;
				PRODUCT_BUNDLE_IDENTIFIER = hu.purzelbaum.iTunesRSSGen;
				PRODUCT_NAME = "$(TARGET_NAME)";
				SWIFT_EMIT_LOC_STRINGS = YES;
				SWIFT_VERSION = 5.0;
				TARGETED_DEVICE_FAMILY = 1;
			};
			name = Debug;
		};
		574434242771DAC500069827 /* Release */ = {
			isa = XCBuildConfiguration;
			buildSettings = {
				ASSETCATALOG_COMPILER_APPICON_NAME = AppIcon;
				ASSETCATALOG_COMPILER_GLOBAL_ACCENT_COLOR_NAME = AccentColor;
				CODE_SIGN_STYLE = Automatic;
				CURRENT_PROJECT_VERSION = 1;
				DEVELOPMENT_ASSET_PATHS = "\"iTunesRSSGen/Preview Content\"";
				DEVELOPMENT_TEAM = 358WHQF94W;
				ENABLE_PREVIEWS = YES;
				GENERATE_INFOPLIST_FILE = YES;
				INFOPLIST_KEY_UIApplicationSceneManifest_Generation = YES;
				INFOPLIST_KEY_UIApplicationSupportsIndirectInputEvents = YES;
				INFOPLIST_KEY_UILaunchScreen_Generation = YES;
				INFOPLIST_KEY_UISupportedInterfaceOrientations_iPad = "UIInterfaceOrientationPortrait UIInterfaceOrientationPortraitUpsideDown UIInterfaceOrientationLandscapeLeft UIInterfaceOrientationLandscapeRight";
				INFOPLIST_KEY_UISupportedInterfaceOrientations_iPhone = "UIInterfaceOrientationPortrait UIInterfaceOrientationLandscapeLeft UIInterfaceOrientationLandscapeRight";
				LD_RUNPATH_SEARCH_PATHS = (
					"$(inherited)",
					"@executable_path/Frameworks",
				);
				MARKETING_VERSION = 1.0;
				PRODUCT_BUNDLE_IDENTIFIER = hu.purzelbaum.iTunesRSSGen;
				PRODUCT_NAME = "$(TARGET_NAME)";
				SWIFT_EMIT_LOC_STRINGS = YES;
				SWIFT_VERSION = 5.0;
				TARGETED_DEVICE_FAMILY = 1;
			};
			name = Release;
		};
/* End XCBuildConfiguration section */

/* Begin XCConfigurationList section */
		5744340F2771DAC400069827 /* Build configuration list for PBXProject "iTunesRSSGen" */ = {
			isa = XCConfigurationList;
			buildConfigurations = (
				574434202771DAC500069827 /* Debug */,
				574434212771DAC500069827 /* Release */,
			);
			defaultConfigurationIsVisible = 0;
			defaultConfigurationName = Release;
		};
		574434222771DAC500069827 /* Build configuration list for PBXNativeTarget "iTunesRSSGen" */ = {
			isa = XCConfigurationList;
			buildConfigurations = (
				574434232771DAC500069827 /* Debug */,
				574434242771DAC500069827 /* Release */,
			);
			defaultConfigurationIsVisible = 0;
			defaultConfigurationName = Release;
		};
/* End XCConfigurationList section */
	};
	rootObject = 5744340C2771DAC400069827 /* Project object */;
}
